
Microsoft Visual Studio Solution File, Format Version 12.00
# Visual Studio Version 17
VisualStudioVersion = 17.14.36414.22
MinimumVisualStudioVersion = 10.0.40219.1
Project("{FAE04EC0-301F-11D3-BF4B-00C04F79EFBC}") = "HuHelper", "HuHelper\HuHelper.csproj", "{88F27CDE-9127-4E23-A677-15399C0BFCED}"
EndProject
Project("{FAE04EC0-301F-11D3-BF4B-00C04F79EFBC}") = "Test", "Test\Test.csproj", "{55E08616-1DEB-4696-89A3-341A239FEB4A}"
EndProject
Project("{FAE04EC0-301F-11D3-BF4B-00C04F79EFBC}") = "HuDataBase", "HuDataBase\HuDataBase.csproj", "{716A562D-B363-4780-92E5-6923FF4D169A}"
EndProject
Project("{2150E333-8FDC-42A3-9474-1A3956D46DE8}") = "解决方案项", "解决方案项", "{9FA3D6BD-1EC1-3BA5-80CB-CE02773A58D5}"
	ProjectSection(SolutionItems) = preProject
		README.md = README.md
	EndProjectSection
EndProject
Global
	GlobalSection(SolutionConfigurationPlatforms) = preSolution
		Debug|Any CPU = Debug|Any CPU
		Release|Any CPU = Release|Any CPU
	EndGlobalSection
	GlobalSection(ProjectConfigurationPlatforms) = postSolution
		{88F27CDE-9127-4E23-A677-15399C0BFCED}.Debug|Any CPU.ActiveCfg = Debug|Any CPU
		{88F27CDE-9127-4E23-A677-15399C0BFCED}.Debug|Any CPU.Build.0 = Debug|Any CPU
		{88F27CDE-9127-4E23-A677-15399C0BFCED}.Release|Any CPU.ActiveCfg = Release|Any CPU
		{88F27CDE-9127-4E23-A677-15399C0BFCED}.Release|Any CPU.Build.0 = Release|Any CPU
		{55E08616-1DEB-4696-89A3-341A239FEB4A}.Debug|Any CPU.ActiveCfg = Debug|Any CPU
		{55E08616-1DEB-4696-89A3-341A239FEB4A}.Debug|Any CPU.Build.0 = Debug|Any CPU
		{55E08616-1DEB-4696-89A3-341A239FEB4A}.Release|Any CPU.ActiveCfg = Release|Any CPU
		{55E08616-1DEB-4696-89A3-341A239FEB4A}.Release|Any CPU.Build.0 = Release|Any CPU
		{716A562D-B363-4780-92E5-6923FF4D169A}.Debug|Any CPU.ActiveCfg = Debug|Any CPU
		{716A562D-B363-4780-92E5-6923FF4D169A}.Debug|Any CPU.Build.0 = Debug|Any CPU
		{716A562D-B363-4780-92E5-6923FF4D169A}.Release|Any CPU.ActiveCfg = Release|Any CPU
		{716A562D-B363-4780-92E5-6923FF4D169A}.Release|Any CPU.Build.0 = Release|Any CPU
	EndGlobalSection
	GlobalSection(SolutionProperties) = preSolution
		HideSolutionNode = FALSE
	EndGlobalSection
	GlobalSection(ExtensibilityGlobals) = postSolution
		SolutionGuid = {0B3EA1DF-F158-48F3-BF7B-D89FE62B7815}
	EndGlobalSection
EndGlobal
